
Microsoft Visual Studio Solution File, Format Version 12.00
# Visual Studio Version 17
VisualStudioVersion = 17.14.36202.13
MinimumVisualStudioVersion = 10.0.40219.1
Project("{FAE04EC0-301F-11D3-BF4B-00C04F79EFBC}") = "Practico.Utilidades", "Practico.Utilidades\Practico.Utilidades.csproj", "{4131F72C-1C07-43F7-8511-13D0958F66FF}"
EndProject
Project("{FAE04EC0-301F-11D3-BF4B-00C04F79EFBC}") = "Practico.Windows", "Practico.Windows\Practico.Windows.csproj", "{A93CC7B1-E2BC-44F9-BEE2-94F95D73A960}"
EndProject
Global
	GlobalSection(SolutionConfigurationPlatforms) = preSolution
		Debug|Any CPU = Debug|Any CPU
		Release|Any CPU = Release|Any CPU
	EndGlobalSection
	GlobalSection(ProjectConfigurationPlatforms) = postSolution
		{4131F72C-1C07-43F7-8511-13D0958F66FF}.Debug|Any CPU.ActiveCfg = Debug|Any CPU
		{4131F72C-1C07-43F7-8511-13D0958F66FF}.Debug|Any CPU.Build.0 = Debug|Any CPU
		{4131F72C-1C07-43F7-8511-13D0958F66FF}.Release|Any CPU.ActiveCfg = Release|Any CPU
		{4131F72C-1C07-43F7-8511-13D0958F66FF}.Release|Any CPU.Build.0 = Release|Any CPU
		{A93CC7B1-E2BC-44F9-BEE2-94F95D73A960}.Debug|Any CPU.ActiveCfg = Debug|Any CPU
		{A93CC7B1-E2BC-44F9-BEE2-94F95D73A960}.Debug|Any CPU.Build.0 = Debug|Any CPU
		{A93CC7B1-E2BC-44F9-BEE2-94F95D73A960}.Release|Any CPU.ActiveCfg = Release|Any CPU
		{A93CC7B1-E2BC-44F9-BEE2-94F95D73A960}.Release|Any CPU.Build.0 = Release|Any CPU
	EndGlobalSection
	GlobalSection(SolutionProperties) = preSolution
		HideSolutionNode = FALSE
	EndGlobalSection
	GlobalSection(ExtensibilityGlobals) = postSolution
		SolutionGuid = {3763D8B0-0EDE-4B34-990E-FA1679201AB0}
	EndGlobalSection
EndGlobal
